
Microsoft Visual Studio Solution File, Format Version 12.00
# Visual Studio 14
VisualStudioVersion = 14.0.23107.0
MinimumVisualStudioVersion = 10.0.40219.1
Project("{FAE04EC0-301F-11D3-BF4B-00C04F79EFBC}") = "PopEyeTrip", "PopEyeTrip\PopEyeTrip.csproj", "{35D37950-7049-480F-BEC0-AC6F0D2D1FB8}"
EndProject
Global
	GlobalSection(SolutionConfigurationPlatforms) = preSolution
		Debug|Any CPU = Debug|Any CPU
		Release|Any CPU = Release|Any CPU
	EndGlobalSection
	GlobalSection(ProjectConfigurationPlatforms) = postSolution
		{35D37950-7049-480F-BEC0-AC6F0D2D1FB8}.Debug|Any CPU.ActiveCfg = Debug|Any CPU
		{35D37950-7049-480F-BEC0-AC6F0D2D1FB8}.Debug|Any CPU.Build.0 = Debug|Any CPU
		{35D37950-7049-480F-BEC0-AC6F0D2D1FB8}.Release|Any CPU.ActiveCfg = Release|Any CPU
		{35D37950-7049-480F-BEC0-AC6F0D2D1FB8}.Release|Any CPU.Build.0 = Release|Any CPU
	EndGlobalSection
	GlobalSection(SolutionProperties) = preSolution
		HideSolutionNode = FALSE
	EndGlobalSection
EndGlobal
